
Microsoft Visual Studio Solution File, Format Version 12.00
# Visual Studio Version 17
VisualStudioVersion = 17.9.34728.123
MinimumVisualStudioVersion = 10.0.40219.1
Project("{FAE04EC0-301F-11D3-BF4B-00C04F79EFBC}") = "WindowsFormsApp1", "WindowsFormsApp1\WindowsFormsApp1.csproj", "{36C07918-6782-4626-84FF-34B6FC44A982}"
EndProject
Global
	GlobalSection(SolutionConfigurationPlatforms) = preSolution
		Debug|Any CPU = Debug|Any CPU
		Release|Any CPU = Release|Any CPU
	EndGlobalSection
	GlobalSection(ProjectConfigurationPlatforms) = postSolution
		{36C07918-6782-4626-84FF-34B6FC44A982}.Debug|Any CPU.ActiveCfg = Debug|Any CPU
		{36C07918-6782-4626-84FF-34B6FC44A982}.Debug|Any CPU.Build.0 = Debug|Any CPU
		{36C07918-6782-4626-84FF-34B6FC44A982}.Release|Any CPU.ActiveCfg = Release|Any CPU
		{36C07918-6782-4626-84FF-34B6FC44A982}.Release|Any CPU.Build.0 = Release|Any CPU
	EndGlobalSection
	GlobalSection(SolutionProperties) = preSolution
		HideSolutionNode = FALSE
	EndGlobalSection
	GlobalSection(ExtensibilityGlobals) = postSolution
		SolutionGuid = {F9731A4F-6B82-41B0-AED3-712F4EB46023}
	EndGlobalSection
EndGlobal
